
Microsoft Visual Studio Solution File, Format Version 12.00
# Visual Studio Version 16
VisualStudioVersion = 16.0.29709.97
MinimumVisualStudioVersion = 10.0.40219.1
Project("{FAE04EC0-301F-11D3-BF4B-00C04F79EFBC}") = "projectResidencias", "projectResidencias.csproj", "{6DF12209-5586-4154-AADF-66C227E24B7A}"
EndProject
Global
	GlobalSection(SolutionConfigurationPlatforms) = preSolution
		Debug|Any CPU = Debug|Any CPU
		Release|Any CPU = Release|Any CPU
	EndGlobalSection
	GlobalSection(ProjectConfigurationPlatforms) = postSolution
		{6DF12209-5586-4154-AADF-66C227E24B7A}.Debug|Any CPU.ActiveCfg = Debug|Any CPU
		{6DF12209-5586-4154-AADF-66C227E24B7A}.Debug|Any CPU.Build.0 = Debug|Any CPU
		{6DF12209-5586-4154-AADF-66C227E24B7A}.Release|Any CPU.ActiveCfg = Release|Any CPU
		{6DF12209-5586-4154-AADF-66C227E24B7A}.Release|Any CPU.Build.0 = Release|Any CPU
	EndGlobalSection
	GlobalSection(SolutionProperties) = preSolution
		HideSolutionNode = FALSE
	EndGlobalSection
	GlobalSection(ExtensibilityGlobals) = postSolution
		SolutionGuid = {94BA5662-02C0-42D0-A793-28BB5AC343CA}
	EndGlobalSection
EndGlobal
